schema: '2.0'
stages:
  train_test_split:
    cmd: python src/data/data_split.py
    deps:
    - path: data/raw
      hash: md5
      md5: fbdeee8b71da4b03e2986cd232cc8cd1.dir
      size: 333757
      nfiles: 2
    - path: src/data/data_split.py
      hash: md5
      md5: 910d13abbfad165329b4f3b9019bc159
      size: 1005
    outs:
    - path: data/processed
      hash: md5
      md5: 67454827489cf3c87a0665cbba0b97da.dir
      size: 295687
      nfiles: 4
